
Microsoft Visual Studio Solution File, Format Version 12.00
# Visual Studio 14
VisualStudioVersion = 14.0.25420.1
MinimumVisualStudioVersion = 10.0.40219.1
Project("{FAE04EC0-301F-11D3-BF4B-00C04F79EFBC}") = "TodoItem", "TodoItem\TodoItem.csproj", "{F3BF8ED7-FBB6-4E9C-8569-95B678CF7216}"
EndProject
Project("{FAE04EC0-301F-11D3-BF4B-00C04F79EFBC}") = "TodoRepository", "TodoRepository\TodoRepository.csproj", "{273CBC6A-7BC3-4639-B65B-BB0D5D63AA0E}"
EndProject
Project("{FAE04EC0-301F-11D3-BF4B-00C04F79EFBC}") = "TodoRepositoryTests", "TodoRepositoryTests1\TodoRepositoryTests.csproj", "{0A944112-5E4F-4081-B065-BC8049C912E1}"
EndProject
Project("{FAE04EC0-301F-11D3-BF4B-00C04F79EFBC}") = "TodoRepTestCall", "Main\TodoRepTestCall.csproj", "{72C99FEC-5532-499C-8303-6DDA2BE3EAEB}"
EndProject
Project("{FAE04EC0-301F-11D3-BF4B-00C04F79EFBC}") = "DZ02_ZD03", "DZ02_ZD03\DZ02_ZD03.csproj", "{5DC87845-EA34-4301-B530-3B869F7AE557}"
EndProject
Project("{FAE04EC0-301F-11D3-BF4B-00C04F79EFBC}") = "Student", "Student\Student.csproj", "{FAE5E751-125A-4E28-86DE-6518F0F748E7}"
EndProject
Project("{FAE04EC0-301F-11D3-BF4B-00C04F79EFBC}") = "DZ02_ZD04", "DZ02_ZD04\DZ02_ZD04.csproj", "{F46145D5-7B9C-4E97-9E47-630A1243EE1B}"
EndProject
Project("{FAE04EC0-301F-11D3-BF4B-00C04F79EFBC}") = "DZ02_ZD05", "DZ02_ZD05\DZ02_ZD05.csproj", "{E66437DA-2546-44B1-8655-848C699878F1}"
EndProject
Project("{FAE04EC0-301F-11D3-BF4B-00C04F79EFBC}") = "University", "University\University.csproj", "{65754EA6-E75E-4DFA-9232-DD1FF8437D5B}"
EndProject
Project("{FAE04EC0-301F-11D3-BF4B-00C04F79EFBC}") = "GetAllCroatianUniversities", "GetAllCroatianUniversities\GetAllCroatianUniversities.csproj", "{41AD7470-167F-4124-830D-F69E41309136}"
EndProject
Project("{FAE04EC0-301F-11D3-BF4B-00C04F79EFBC}") = "DZ02_ZD06", "DZ02_ZD06\DZ02_ZD06.csproj", "{A824D710-8E22-4F24-8A0B-0A878F0B421E}"
EndProject
Project("{FAE04EC0-301F-11D3-BF4B-00C04F79EFBC}") = "DZ02_ZD07", "DZ02_ZD07\DZ02_ZD07.csproj", "{6962A921-06D0-47FB-9472-BADFD182E122}"
EndProject
Project("{FAE04EC0-301F-11D3-BF4B-00C04F79EFBC}") = "DZ02_ZD08", "DZ02_ZD08\DZ02_ZD08.csproj", "{2BC38CFC-C6EF-47DD-834F-A4176ECAEAFB}"
EndProject
Global
	GlobalSection(SolutionConfigurationPlatforms) = preSolution
		Debug|Any CPU = Debug|Any CPU
		Release|Any CPU = Release|Any CPU
	EndGlobalSection
	GlobalSection(ProjectConfigurationPlatforms) = postSolution
		{F3BF8ED7-FBB6-4E9C-8569-95B678CF7216}.Debug|Any CPU.ActiveCfg = Debug|Any CPU
		{F3BF8ED7-FBB6-4E9C-8569-95B678CF7216}.Debug|Any CPU.Build.0 = Debug|Any CPU
		{F3BF8ED7-FBB6-4E9C-8569-95B678CF7216}.Release|Any CPU.ActiveCfg = Release|Any CPU
		{F3BF8ED7-FBB6-4E9C-8569-95B678CF7216}.Release|Any CPU.Build.0 = Release|Any CPU
		{273CBC6A-7BC3-4639-B65B-BB0D5D63AA0E}.Debug|Any CPU.ActiveCfg = Debug|Any CPU
		{273CBC6A-7BC3-4639-B65B-BB0D5D63AA0E}.Debug|Any CPU.Build.0 = Debug|Any CPU
		{273CBC6A-7BC3-4639-B65B-BB0D5D63AA0E}.Release|Any CPU.ActiveCfg = Release|Any CPU
		{273CBC6A-7BC3-4639-B65B-BB0D5D63AA0E}.Release|Any CPU.Build.0 = Release|Any CPU
		{0A944112-5E4F-4081-B065-BC8049C912E1}.Debug|Any CPU.ActiveCfg = Debug|Any CPU
		{0A944112-5E4F-4081-B065-BC8049C912E1}.Debug|Any CPU.Build.0 = Debug|Any CPU
		{0A944112-5E4F-4081-B065-BC8049C912E1}.Release|Any CPU.ActiveCfg = Release|Any CPU
		{0A944112-5E4F-4081-B065-BC8049C912E1}.Release|Any CPU.Build.0 = Release|Any CPU
		{72C99FEC-5532-499C-8303-6DDA2BE3EAEB}.Debug|Any CPU.ActiveCfg = Debug|Any CPU
		{72C99FEC-5532-499C-8303-6DDA2BE3EAEB}.Debug|Any CPU.Build.0 = Debug|Any CPU
		{72C99FEC-5532-499C-8303-6DDA2BE3EAEB}.Release|Any CPU.ActiveCfg = Release|Any CPU
		{72C99FEC-5532-499C-8303-6DDA2BE3EAEB}.Release|Any CPU.Build.0 = Release|Any CPU
		{5DC87845-EA34-4301-B530-3B869F7AE557}.Debug|Any CPU.ActiveCfg = Debug|Any CPU
		{5DC87845-EA34-4301-B530-3B869F7AE557}.Debug|Any CPU.Build.0 = Debug|Any CPU
		{5DC87845-EA34-4301-B530-3B869F7AE557}.Release|Any CPU.ActiveCfg = Release|Any CPU
		{5DC87845-EA34-4301-B530-3B869F7AE557}.Release|Any CPU.Build.0 = Release|Any CPU
		{FAE5E751-125A-4E28-86DE-6518F0F748E7}.Debug|Any CPU.ActiveCfg = Debug|Any CPU
		{FAE5E751-125A-4E28-86DE-6518F0F748E7}.Debug|Any CPU.Build.0 = Debug|Any CPU
		{FAE5E751-125A-4E28-86DE-6518F0F748E7}.Release|Any CPU.ActiveCfg = Release|Any CPU
		{FAE5E751-125A-4E28-86DE-6518F0F748E7}.Release|Any CPU.Build.0 = Release|Any CPU
		{F46145D5-7B9C-4E97-9E47-630A1243EE1B}.Debug|Any CPU.ActiveCfg = Debug|Any CPU
		{F46145D5-7B9C-4E97-9E47-630A1243EE1B}.Debug|Any CPU.Build.0 = Debug|Any CPU
		{F46145D5-7B9C-4E97-9E47-630A1243EE1B}.Release|Any CPU.ActiveCfg = Release|Any CPU
		{F46145D5-7B9C-4E97-9E47-630A1243EE1B}.Release|Any CPU.Build.0 = Release|Any CPU
		{E66437DA-2546-44B1-8655-848C699878F1}.Debug|Any CPU.ActiveCfg = Debug|Any CPU
		{E66437DA-2546-44B1-8655-848C699878F1}.Debug|Any CPU.Build.0 = Debug|Any CPU
		{E66437DA-2546-44B1-8655-848C699878F1}.Release|Any CPU.ActiveCfg = Release|Any CPU
		{E66437DA-2546-44B1-8655-848C699878F1}.Release|Any CPU.Build.0 = Release|Any CPU
		{65754EA6-E75E-4DFA-9232-DD1FF8437D5B}.Debug|Any CPU.ActiveCfg = Debug|Any CPU
		{65754EA6-E75E-4DFA-9232-DD1FF8437D5B}.Debug|Any CPU.Build.0 = Debug|Any CPU
		{65754EA6-E75E-4DFA-9232-DD1FF8437D5B}.Release|Any CPU.ActiveCfg = Release|Any CPU
		{65754EA6-E75E-4DFA-9232-DD1FF8437D5B}.Release|Any CPU.Build.0 = Release|Any CPU
		{41AD7470-167F-4124-830D-F69E41309136}.Debug|Any CPU.ActiveCfg = Debug|Any CPU
		{41AD7470-167F-4124-830D-F69E41309136}.Debug|Any CPU.Build.0 = Debug|Any CPU
		{41AD7470-167F-4124-830D-F69E41309136}.Release|Any CPU.ActiveCfg = Release|Any CPU
		{41AD7470-167F-4124-830D-F69E41309136}.Release|Any CPU.Build.0 = Release|Any CPU
		{A824D710-8E22-4F24-8A0B-0A878F0B421E}.Debug|Any CPU.ActiveCfg = Debug|Any CPU
		{A824D710-8E22-4F24-8A0B-0A878F0B421E}.Debug|Any CPU.Build.0 = Debug|Any CPU
		{A824D710-8E22-4F24-8A0B-0A878F0B421E}.Release|Any CPU.ActiveCfg = Release|Any CPU
		{A824D710-8E22-4F24-8A0B-0A878F0B421E}.Release|Any CPU.Build.0 = Release|Any CPU
		{6962A921-06D0-47FB-9472-BADFD182E122}.Debug|Any CPU.ActiveCfg = Debug|Any CPU
		{6962A921-06D0-47FB-9472-BADFD182E122}.Debug|Any CPU.Build.0 = Debug|Any CPU
		{6962A921-06D0-47FB-9472-BADFD182E122}.Release|Any CPU.ActiveCfg = Release|Any CPU
		{6962A921-06D0-47FB-9472-BADFD182E122}.Release|Any CPU.Build.0 = Release|Any CPU
		{2BC38CFC-C6EF-47DD-834F-A4176ECAEAFB}.Debug|Any CPU.ActiveCfg = Debug|Any CPU
		{2BC38CFC-C6EF-47DD-834F-A4176ECAEAFB}.Debug|Any CPU.Build.0 = Debug|Any CPU
		{2BC38CFC-C6EF-47DD-834F-A4176ECAEAFB}.Release|Any CPU.ActiveCfg = Release|Any CPU
		{2BC38CFC-C6EF-47DD-834F-A4176ECAEAFB}.Release|Any CPU.Build.0 = Release|Any CPU
	EndGlobalSection
	GlobalSection(SolutionProperties) = preSolution
		HideSolutionNode = FALSE
	EndGlobalSection
EndGlobal
